// !$*UTF8*$!
{
	archiveVersion = 1;
	classes = {
	};
	objectVersion = 77;
	objects = {

/* Begin PBXBuildFile section */
		CDB04D782F2E64F7006FA40F /* WidgetKit.framework in Frameworks */ = {isa = PBXBuildFile; fileRef = CDB04D772F2E64F7006FA40F /* WidgetKit.framework */; };
		CDB04D7A2F2E64F7006FA40F /* SwiftUI.framework in Frameworks */ = {isa = PBXBuildFile; fileRef = CDB04D792F2E64F7006FA40F /* SwiftUI.framework */; };
		CDB04D892F2E64F8006FA40F /* KnuckleTimerActivityExtension.appex in Embed Foundation Extensions */ = {isa = PBXBuildFile; fileRef = CDB04D752F2E64F7006FA40F /* KnuckleTimerActivityExtension.appex */; settings = {ATTRIBUTES = (RemoveHeadersOnCopy, ); }; };
		CDB04D932F2E676B006FA40F /* KnuckleTimerActivityAttributes.swift in Sources */ = {isa = PBXBuildFile; fileRef = CDB04D912F2E676A006FA40F /* KnuckleTimerActivityAttributes.swift */; };
		CDB04D942F2E676B006FA40F /* KnuckleTimerActivityAttributes.swift in Sources */ = {isa = PBXBuildFile; fileRef = CDB04D912F2E676A006FA40F /* KnuckleTimerActivityAttributes.swift */; };
		CDB04DA22F2E676B006FA40F /* TimerWidgetState.swift in Sources */ = {isa = PBXBuildFile; fileRef = CDB04DA12F2E676A006FA40F /* TimerWidgetState.swift */; };
		CDB04DA32F2E676B006FA40F /* TimerWidgetState.swift in Sources */ = {isa = PBXBuildFile; fileRef = CDB04DA12F2E676A006FA40F /* TimerWidgetState.swift */; };
		CDF96D212F3359400062E7FA /* LaunchScreen.storyboard in Resources */ = {isa = PBXBuildFile; fileRef = CDF96D202F3359400062E7FA /* LaunchScreen.storyboard */; };
		CDF96D222F3359400062E7FA /* LaunchScreen.storyboard in Resources */ = {isa = PBXBuildFile; fileRef = CDF96D202F3359400062E7FA /* LaunchScreen.storyboard */; };
/* End PBXBuildFile section */

/* Begin PBXContainerItemProxy section */
		CDB04D872F2E64F8006FA40F /* PBXContainerItemProxy */ = {
			isa = PBXContainerItemProxy;
			containerPortal = CD3443972F2E1B7700D5CF4F /* Project object */;
			proxyType = 1;
			remoteGlobalIDString = CDB04D742F2E64F7006FA40F;
			remoteInfo = KnuckleTimerActivityExtension;
		};
/* End PBXContainerItemProxy section */

/* Begin PBXCopyFilesBuildPhase section */
		CDB04D8E2F2E64F8006FA40F /* Embed Foundation Extensions */ = {
			isa = PBXCopyFilesBuildPhase;
			buildActionMask = 2147483647;
			dstPath = "";
			dstSubfolderSpec = 13;
			files = (
				CDB04D892F2E64F8006FA40F /* KnuckleTimerActivityExtension.appex in Embed Foundation Extensions */,
			);
			name = "Embed Foundation Extensions";
			runOnlyForDeploymentPostprocessing = 0;
		};
/* End PBXCopyFilesBuildPhase section */

/* Begin PBXFileReference section */
		CD34439F2F2E1B7800D5CF4F /* Punch.app */ = {isa = PBXFileReference; explicitFileType = wrapper.application; includeInIndex = 0; path = Punch.app; sourceTree = BUILT_PRODUCTS_DIR; };
		CDB04D752F2E64F7006FA40F /* KnuckleTimerActivityExtension.appex */ = {isa = PBXFileReference; explicitFileType = "wrapper.app-extension"; includeInIndex = 0; path = KnuckleTimerActivityExtension.appex; sourceTree = BUILT_PRODUCTS_DIR; };
		CDB04D772F2E64F7006FA40F /* WidgetKit.framework */ = {isa = PBXFileReference; lastKnownFileType = wrapper.framework; name = WidgetKit.framework; path = System/Library/Frameworks/WidgetKit.framework; sourceTree = SDKROOT; };
		CDB04D792F2E64F7006FA40F /* SwiftUI.framework */ = {isa = PBXFileReference; lastKnownFileType = wrapper.framework; name = SwiftUI.framework; path = System/Library/Frameworks/SwiftUI.framework; sourceTree = SDKROOT; };
		CDB04D912F2E676A006FA40F /* KnuckleTimerActivityAttributes.swift */ = {isa = PBXFileReference; lastKnownFileType = sourcecode.swift; path = KnuckleTimerActivityAttributes.swift; sourceTree = "<group>"; };
		CDB04D962F2E6A4F006FA40F /* KnuckleTimerActivityExtension.entitlements */ = {isa = PBXFileReference; lastKnownFileType = text.plist.entitlements; path = KnuckleTimerActivityExtension.entitlements; sourceTree = "<group>"; };
		CDB04DA12F2E676A006FA40F /* TimerWidgetState.swift */ = {isa = PBXFileReference; lastKnownFileType = sourcecode.swift; path = TimerWidgetState.swift; sourceTree = "<group>"; };
		CDF96D202F3359400062E7FA /* LaunchScreen.storyboard */ = {isa = PBXFileReference; lastKnownFileType = file.storyboard; path = LaunchScreen.storyboard; sourceTree = "<group>"; };
/* End PBXFileReference section */

/* Begin PBXFileSystemSynchronizedBuildFileExceptionSet section */
		CD3443FD2F2E1DEE00D5CF4F /* Exceptions for "Punch" folder in "Punch" target */ = {
			isa = PBXFileSystemSynchronizedBuildFileExceptionSet;
			membershipExceptions = (
				Info.plist,
			);
			target = CD34439E2F2E1B7800D5CF4F /* Punch */;
		};
		CDB04D8D2F2E64F8006FA40F /* Exceptions for "KnuckleTimerActivity" folder in "KnuckleTimerActivityExtension" target */ = {
			isa = PBXFileSystemSynchronizedBuildFileExceptionSet;
			membershipExceptions = (
				Info.plist,
			);
			target = CDB04D742F2E64F7006FA40F /* KnuckleTimerActivityExtension */;
		};
/* End PBXFileSystemSynchronizedBuildFileExceptionSet section */

/* Begin PBXFileSystemSynchronizedRootGroup section */
		CD3443A12F2E1B7800D5CF4F /* Punch */ = {
			isa = PBXFileSystemSynchronizedRootGroup;
			exceptions = (
				CD3443FD2F2E1DEE00D5CF4F /* Exceptions for "Punch" folder in "Punch" target */,
			);
			path = Punch;
			sourceTree = "<group>";
		};
		CDB04D7B2F2E64F7006FA40F /* KnuckleTimerActivity */ = {
			isa = PBXFileSystemSynchronizedRootGroup;
			exceptions = (
				CDB04D8D2F2E64F8006FA40F /* Exceptions for "KnuckleTimerActivity" folder in "KnuckleTimerActivityExtension" target */,
			);
			path = KnuckleTimerActivity;
			sourceTree = "<group>";
		};
/* End PBXFileSystemSynchronizedRootGroup section */

/* Begin PBXFrameworksBuildPhase section */
		CD34439C2F2E1B7800D5CF4F /* Frameworks */ = {
			isa = PBXFrameworksBuildPhase;
			buildActionMask = 2147483647;
			files = (
			);
			runOnlyForDeploymentPostprocessing = 0;
		};
		CDB04D722F2E64F7006FA40F /* Frameworks */ = {
			isa = PBXFrameworksBuildPhase;
			buildActionMask = 2147483647;
			files = (
				CDB04D7A2F2E64F7006FA40F /* SwiftUI.framework in Frameworks */,
				CDB04D782F2E64F7006FA40F /* WidgetKit.framework in Frameworks */,
			);
			runOnlyForDeploymentPostprocessing = 0;
		};
/* End PBXFrameworksBuildPhase section */

/* Begin PBXGroup section */
		CD3443962F2E1B7700D5CF4F = {
			isa = PBXGroup;
			children = (
				CDF96D202F3359400062E7FA /* LaunchScreen.storyboard */,
				CDB04D962F2E6A4F006FA40F /* KnuckleTimerActivityExtension.entitlements */,
				CD3443A12F2E1B7800D5CF4F /* Punch */,
				CDB04D7B2F2E64F7006FA40F /* KnuckleTimerActivity */,
				CDB04D762F2E64F7006FA40F /* Frameworks */,
				CD3443A02F2E1B7800D5CF4F /* Products */,
			);
			sourceTree = "<group>";
		};
		CD3443A02F2E1B7800D5CF4F /* Products */ = {
			isa = PBXGroup;
			children = (
				CD34439F2F2E1B7800D5CF4F /* Punch.app */,
				CDB04D752F2E64F7006FA40F /* KnuckleTimerActivityExtension.appex */,
			);
			name = Products;
			sourceTree = "<group>";
		};
		CDB04D762F2E64F7006FA40F /* Frameworks */ = {
			isa = PBXGroup;
			children = (
				CDB04D922F2E676A006FA40F /* Shared */,
				CDB04D772F2E64F7006FA40F /* WidgetKit.framework */,
				CDB04D792F2E64F7006FA40F /* SwiftUI.framework */,
			);
			name = Frameworks;
			sourceTree = "<group>";
		};
		CDB04D922F2E676A006FA40F /* Shared */ = {
			isa = PBXGroup;
			children = (
				CDB04D912F2E676A006FA40F /* KnuckleTimerActivityAttributes.swift */,
				CDB04DA12F2E676A006FA40F /* TimerWidgetState.swift */,
			);
			path = Shared;
			sourceTree = "<group>";
		};
/* End PBXGroup section */

/* Begin PBXNativeTarget section */
		CD34439E2F2E1B7800D5CF4F /* Punch */ = {
			isa = PBXNativeTarget;
			buildConfigurationList = CD3443AA2F2E1B7900D5CF4F /* Build configuration list for PBXNativeTarget "Punch" */;
			buildPhases = (
				CD34439B2F2E1B7800D5CF4F /* Sources */,
				CD34439C2F2E1B7800D5CF4F /* Frameworks */,
				CD34439D2F2E1B7800D5CF4F /* Resources */,
				CDB04D8E2F2E64F8006FA40F /* Embed Foundation Extensions */,
			);
			buildRules = (
			);
			dependencies = (
				CDB04D882F2E64F8006FA40F /* PBXTargetDependency */,
			);
			fileSystemSynchronizedGroups = (
				CD3443A12F2E1B7800D5CF4F /* Punch */,
			);
			name = Punch;
			packageProductDependencies = (
			);
			productName = Punch;
			productReference = CD34439F2F2E1B7800D5CF4F /* Punch.app */;
			productType = "com.apple.product-type.application";
		};
		CDB04D742F2E64F7006FA40F /* KnuckleTimerActivityExtension */ = {
			isa = PBXNativeTarget;
			buildConfigurationList = CDB04D8A2F2E64F8006FA40F /* Build configuration list for PBXNativeTarget "KnuckleTimerActivityExtension" */;
			buildPhases = (
				CDB04D712F2E64F7006FA40F /* Sources */,
				CDB04D722F2E64F7006FA40F /* Frameworks */,
				CDB04D732F2E64F7006FA40F /* Resources */,
			);
			buildRules = (
			);
			dependencies = (
			);
			fileSystemSynchronizedGroups = (
				CDB04D7B2F2E64F7006FA40F /* KnuckleTimerActivity */,
			);
			name = KnuckleTimerActivityExtension;
			packageProductDependencies = (
			);
			productName = KnuckleTimerActivityExtension;
			productReference = CDB04D752F2E64F7006FA40F /* KnuckleTimerActivityExtension.appex */;
			productType = "com.apple.product-type.app-extension";
		};
/* End PBXNativeTarget section */

/* Begin PBXProject section */
		CD3443972F2E1B7700D5CF4F /* Project object */ = {
			isa = PBXProject;
			attributes = {
				BuildIndependentTargetsInParallel = 1;
				LastSwiftUpdateCheck = 2620;
				LastUpgradeCheck = 2620;
				TargetAttributes = {
					CD34439E2F2E1B7800D5CF4F = {
						CreatedOnToolsVersion = 26.2;
					};
					CDB04D742F2E64F7006FA40F = {
						CreatedOnToolsVersion = 26.2;
					};
				};
			};
			buildConfigurationList = CD34439A2F2E1B7700D5CF4F /* Build configuration list for PBXProject "Knuckle" */;
			developmentRegion = en;
			hasScannedForEncodings = 0;
			knownRegions = (
				en,
				Base,
			);
			mainGroup = CD3443962F2E1B7700D5CF4F;
			minimizedProjectReferenceProxies = 1;
			preferredProjectObjectVersion = 77;
			productRefGroup = CD3443A02F2E1B7800D5CF4F /* Products */;
			projectDirPath = "";
			projectRoot = "";
			targets = (
				CD34439E2F2E1B7800D5CF4F /* Punch */,
				CDB04D742F2E64F7006FA40F /* KnuckleTimerActivityExtension */,
			);
		};
/* End PBXProject section */

/* Begin PBXResourcesBuildPhase section */
		CD34439D2F2E1B7800D5CF4F /* Resources */ = {
			isa = PBXResourcesBuildPhase;
			buildActionMask = 2147483647;
			files = (
				CDF96D222F3359400062E7FA /* LaunchScreen.storyboard in Resources */,
			);
			runOnlyForDeploymentPostprocessing = 0;
		};
		CDB04D732F2E64F7006FA40F /* Resources */ = {
			isa = PBXResourcesBuildPhase;
			buildActionMask = 2147483647;
			files = (
				CDF96D212F3359400062E7FA /* LaunchScreen.storyboard in Resources */,
			);
			runOnlyForDeploymentPostprocessing = 0;
		};
/* End PBXResourcesBuildPhase section */

/* Begin PBXSourcesBuildPhase section */
		CD34439B2F2E1B7800D5CF4F /* Sources */ = {
			isa = PBXSourcesBuildPhase;
			buildActionMask = 2147483647;
			files = (
				CDB04D932F2E676B006FA40F /* KnuckleTimerActivityAttributes.swift in Sources */,
				CDB04DA22F2E676B006FA40F /* TimerWidgetState.swift in Sources */,
			);
			runOnlyForDeploymentPostprocessing = 0;
		};
		CDB04D712F2E64F7006FA40F /* Sources */ = {
			isa = PBXSourcesBuildPhase;
			buildActionMask = 2147483647;
			files = (
				CDB04D942F2E676B006FA40F /* KnuckleTimerActivityAttributes.swift in Sources */,
				CDB04DA32F2E676B006FA40F /* TimerWidgetState.swift in Sources */,
			);
			runOnlyForDeploymentPostprocessing = 0;
		};
/* End PBXSourcesBuildPhase section */

/* Begin PBXTargetDependency section */
		CDB04D882F2E64F8006FA40F /* PBXTargetDependency */ = {
			isa = PBXTargetDependency;
			target = CDB04D742F2E64F7006FA40F /* KnuckleTimerActivityExtension */;
			targetProxy = CDB04D872F2E64F8006FA40F /* PBXContainerItemProxy */;
		};
/* End PBXTargetDependency section */

/* Begin XCBuildConfiguration section */
		CD3443A82F2E1B7900D5CF4F /* Debug */ = {
			isa = XCBuildConfiguration;
			buildSettings = {
				ALWAYS_SEARCH_USER_PATHS = NO;
				ASSETCATALOG_COMPILER_GENERATE_SWIFT_ASSET_SYMBOL_EXTENSIONS = YES;
				CLANG_ANALYZER_NONNULL = YES;
				CLANG_ANALYZER_NUMBER_OBJECT_CONVERSION = YES_AGGRESSIVE;
				CLANG_CXX_LANGUAGE_STANDARD = "gnu++20";
				CLANG_ENABLE_MODULES = YES;
				CLANG_ENABLE_OBJC_ARC = YES;
				CLANG_ENABLE_OBJC_WEAK = YES;
				CLANG_WARN_BLOCK_CAPTURE_AUTORELEASING = YES;
				CLANG_WARN_BOOL_CONVERSION = YES;
				CLANG_WARN_COMMA = YES;
				CLANG_WARN_CONSTANT_CONVERSION = YES;
				CLANG_WARN_DEPRECATED_OBJC_IMPLEMENTATIONS = YES;
				CLANG_WARN_DIRECT_OBJC_ISA_USAGE = YES_ERROR;
				CLANG_WARN_DOCUMENTATION_COMMENTS = YES;
				CLANG_WARN_EMPTY_BODY = YES;
				CLANG_WARN_ENUM_CONVERSION = YES;
				CLANG_WARN_INFINITE_RECURSION = YES;
				CLANG_WARN_INT_CONVERSION = YES;
				CLANG_WARN_NON_LITERAL_NULL_CONVERSION = YES;
				CLANG_WARN_OBJC_IMPLICIT_RETAIN_SELF = YES;
				CLANG_WARN_OBJC_LITERAL_CONVERSION = YES;
				CLANG_WARN_OBJC_ROOT_CLASS = YES_ERROR;
				CLANG_WARN_QUOTED_INCLUDE_IN_FRAMEWORK_HEADER = YES;
				CLANG_WARN_RANGE_LOOP_ANALYSIS = YES;
				CLANG_WARN_STRICT_PROTOTYPES = YES;
				CLANG_WARN_SUSPICIOUS_MOVE = YES;
				CLANG_WARN_UNGUARDED_AVAILABILITY = YES_AGGRESSIVE;
				CLANG_WARN_UNREACHABLE_CODE = YES;
				CLANG_WARN__DUPLICATE_METHOD_MATCH = YES;
				COPY_PHASE_STRIP = NO;
				DEBUG_INFORMATION_FORMAT = dwarf;
				DEVELOPMENT_TEAM = "";
				ENABLE_STRICT_OBJC_MSGSEND = YES;
				ENABLE_TESTABILITY = YES;
				ENABLE_USER_SCRIPT_SANDBOXING = YES;
				GCC_C_LANGUAGE_STANDARD = gnu17;
				GCC_DYNAMIC_NO_PIC = NO;
				GCC_NO_COMMON_BLOCKS = YES;
				GCC_OPTIMIZATION_LEVEL = 0;
				GCC_PREPROCESSOR_DEFINITIONS = (
					"DEBUG=1",
					"$(inherited)",
				);
				GCC_WARN_64_TO_32_BIT_CONVERSION = YES;
				GCC_WARN_ABOUT_RETURN_TYPE = YES_ERROR;
				GCC_WARN_UNDECLARED_SELECTOR = YES;
				GCC_WARN_UNINITIALIZED_AUTOS = YES_AGGRESSIVE;
				GCC_WARN_UNUSED_FUNCTION = YES;
				GCC_WARN_UNUSED_VARIABLE = YES;
				IPHONEOS_DEPLOYMENT_TARGET = 17.0;
				LOCALIZATION_PREFERS_STRING_CATALOGS = YES;
				MTL_ENABLE_DEBUG_INFO = INCLUDE_SOURCE;
				MTL_FAST_MATH = YES;
				ONLY_ACTIVE_ARCH = YES;
				SDKROOT = iphoneos;
				SWIFT_ACTIVE_COMPILATION_CONDITIONS = "DEBUG $(inherited)";
				SWIFT_OPTIMIZATION_LEVEL = "-Onone";
			};
			name = Debug;
		};
		CD3443A92F2E1B7900D5CF4F /* Release */ = {
			isa = XCBuildConfiguration;
			buildSettings = {
				ALWAYS_SEARCH_USER_PATHS = NO;
				ASSETCATALOG_COMPILER_GENERATE_SWIFT_ASSET_SYMBOL_EXTENSIONS = YES;
				CLANG_ANALYZER_NONNULL = YES;
				CLANG_ANALYZER_NUMBER_OBJECT_CONVERSION = YES_AGGRESSIVE;
				CLANG_CXX_LANGUAGE_STANDARD = "gnu++20";
				CLANG_ENABLE_MODULES = YES;
				CLANG_ENABLE_OBJC_ARC = YES;
				CLANG_ENABLE_OBJC_WEAK = YES;
				CLANG_WARN_BLOCK_CAPTURE_AUTORELEASING = YES;
				CLANG_WARN_BOOL_CONVERSION = YES;
				CLANG_WARN_COMMA = YES;
				CLANG_WARN_CONSTANT_CONVERSION = YES;
				CLANG_WARN_DEPRECATED_OBJC_IMPLEMENTATIONS = YES;
				CLANG_WARN_DIRECT_OBJC_ISA_USAGE = YES_ERROR;
				CLANG_WARN_DOCUMENTATION_COMMENTS = YES;
				CLANG_WARN_EMPTY_BODY = YES;
				CLANG_WARN_ENUM_CONVERSION = YES;
				CLANG_WARN_INFINITE_RECURSION = YES;
				CLANG_WARN_INT_CONVERSION = YES;
				CLANG_WARN_NON_LITERAL_NULL_CONVERSION = YES;
				CLANG_WARN_OBJC_IMPLICIT_RETAIN_SELF = YES;
				CLANG_WARN_OBJC_LITERAL_CONVERSION = YES;
				CLANG_WARN_OBJC_ROOT_CLASS = YES_ERROR;
				CLANG_WARN_QUOTED_INCLUDE_IN_FRAMEWORK_HEADER = YES;
				CLANG_WARN_RANGE_LOOP_ANALYSIS = YES;
				CLANG_WARN_STRICT_PROTOTYPES = YES;
				CLANG_WARN_SUSPICIOUS_MOVE = YES;
				CLANG_WARN_UNGUARDED_AVAILABILITY = YES_AGGRESSIVE;
				CLANG_WARN_UNREACHABLE_CODE = YES;
				CLANG_WARN__DUPLICATE_METHOD_MATCH = YES;
				COPY_PHASE_STRIP = NO;
				DEBUG_INFORMATION_FORMAT = "dwarf-with-dsym";
				DEVELOPMENT_TEAM = "";
				ENABLE_NS_ASSERTIONS = NO;
				ENABLE_STRICT_OBJC_MSGSEND = YES;
				ENABLE_USER_SCRIPT_SANDBOXING = YES;
				GCC_C_LANGUAGE_STANDARD = gnu17;
				GCC_NO_COMMON_BLOCKS = YES;
				GCC_WARN_64_TO_32_BIT_CONVERSION = YES;
				GCC_WARN_ABOUT_RETURN_TYPE = YES_ERROR;
				GCC_WARN_UNDECLARED_SELECTOR = YES;
				GCC_WARN_UNINITIALIZED_AUTOS = YES_AGGRESSIVE;
				GCC_WARN_UNUSED_FUNCTION = YES;
				GCC_WARN_UNUSED_VARIABLE = YES;
				IPHONEOS_DEPLOYMENT_TARGET = 17.0;
				LOCALIZATION_PREFERS_STRING_CATALOGS = YES;
				MTL_ENABLE_DEBUG_INFO = NO;
				MTL_FAST_MATH = YES;
				SDKROOT = iphoneos;
				SWIFT_COMPILATION_MODE = wholemodule;
				VALIDATE_PRODUCT = YES;
			};
			name = Release;
		};
		CD3443AB2F2E1B7900D5CF4F /* Debug */ = {
			isa = XCBuildConfiguration;
			buildSettings = {
				ASSETCATALOG_COMPILER_APPICON_NAME = AppIcon;
				ASSETCATALOG_COMPILER_GLOBAL_ACCENT_COLOR_NAME = AccentColor;
				ASSETCATALOG_COMPILER_INCLUDE_ALL_APPICON_ASSETS = NO;
				CODE_SIGN_ENTITLEMENTS = Punch/Punch.entitlements;
				CODE_SIGN_STYLE = Automatic;
				CURRENT_PROJECT_VERSION = 1;
				DEVELOPMENT_TEAM = "";
				ENABLE_PREVIEWS = YES;
				GENERATE_INFOPLIST_FILE = YES;
				INFOPLIST_FILE = Punch/Info.plist;
				INFOPLIST_KEY_CFBundleDisplayName = Knuckle;
				INFOPLIST_KEY_ITSAppUsesNonExemptEncryption = NO;
				INFOPLIST_KEY_LSApplicationCategoryType = "public.app-category.productivity";
				INFOPLIST_KEY_NSLocationAlwaysAndWhenInUseUsageDescription = "Used to determine when you enter or leave a workplace to start and stop timers. Location not stored.";
				INFOPLIST_KEY_NSLocationWhenInUseUsageDescription = "Used to determine when you enter or leave a workplace to start and stop timers. Location not stored.";
				INFOPLIST_KEY_NSSupportsLiveActivities = YES;
				INFOPLIST_KEY_UIApplicationSceneManifest_Generation = YES;
				INFOPLIST_KEY_UIApplicationSupportsIndirectInputEvents = YES;
				INFOPLIST_KEY_UILaunchScreen_Generation = YES;
				INFOPLIST_KEY_UILaunchStoryboardName = LaunchScreen;
				INFOPLIST_KEY_UIRequiresFullScreen = YES;
				INFOPLIST_KEY_UISupportedInterfaceOrientations = "UIInterfaceOrientationPortrait UIInterfaceOrientationPortraitUpsideDown";
				LD_RUNPATH_SEARCH_PATHS = (
					"$(inherited)",
					"@executable_path/Frameworks",
				);
				MARKETING_VERSION = 1.0;
				PRODUCT_BUNDLE_IDENTIFIER = com.paulmignard.app.Knuckle;
				PRODUCT_NAME = "$(TARGET_NAME)";
				STRING_CATALOG_GENERATE_SYMBOLS = YES;
				SUPPORTED_PLATFORMS = "iphoneos iphonesimulator";
				SUPPORTS_MACCATALYST = NO;
				SUPPORTS_MAC_DESIGNED_FOR_IPHONE_IPAD = NO;
				SUPPORTS_XR_DESIGNED_FOR_IPHONE_IPAD = NO;
				SWIFT_APPROACHABLE_CONCURRENCY = YES;
				SWIFT_DEFAULT_ACTOR_ISOLATION = nonisolated;
				SWIFT_EMIT_LOC_STRINGS = YES;
				SWIFT_UPCOMING_FEATURE_MEMBER_IMPORT_VISIBILITY = YES;
				SWIFT_VERSION = 5.0;
				TARGETED_DEVICE_FAMILY = 1;
			};
			name = Debug;
		};
		CD3443AC2F2E1B7900D5CF4F /* Release */ = {
			isa = XCBuildConfiguration;
			buildSettings = {
				ASSETCATALOG_COMPILER_APPICON_NAME = AppIcon;
				ASSETCATALOG_COMPILER_GLOBAL_ACCENT_COLOR_NAME = AccentColor;
				ASSETCATALOG_COMPILER_INCLUDE_ALL_APPICON_ASSETS = NO;
				CODE_SIGN_ENTITLEMENTS = Punch/Punch.entitlements;
				CODE_SIGN_STYLE = Automatic;
				CURRENT_PROJECT_VERSION = 1;
				DEVELOPMENT_TEAM = "";
				ENABLE_PREVIEWS = YES;
				GENERATE_INFOPLIST_FILE = YES;
				INFOPLIST_FILE = Punch/Info.plist;
				INFOPLIST_KEY_CFBundleDisplayName = Knuckle;
				INFOPLIST_KEY_ITSAppUsesNonExemptEncryption = NO;
				INFOPLIST_KEY_LSApplicationCategoryType = "public.app-category.productivity";
				INFOPLIST_KEY_NSLocationAlwaysAndWhenInUseUsageDescription = "Used to determine when you enter or leave a workplace to start and stop timers. Location not stored.";
				INFOPLIST_KEY_NSLocationWhenInUseUsageDescription = "Used to determine when you enter or leave a workplace to start and stop timers. Location not stored.";
				INFOPLIST_KEY_NSSupportsLiveActivities = YES;
				INFOPLIST_KEY_UIApplicationSceneManifest_Generation = YES;
				INFOPLIST_KEY_UIApplicationSupportsIndirectInputEvents = YES;
				INFOPLIST_KEY_UILaunchScreen_Generation = YES;
				INFOPLIST_KEY_UILaunchStoryboardName = LaunchScreen;
				INFOPLIST_KEY_UIRequiresFullScreen = YES;
				INFOPLIST_KEY_UISupportedInterfaceOrientations = "UIInterfaceOrientationPortrait UIInterfaceOrientationPortraitUpsideDown";
				LD_RUNPATH_SEARCH_PATHS = (
					"$(inherited)",
					"@executable_path/Frameworks",
				);
				MARKETING_VERSION = 1.0;
				PRODUCT_BUNDLE_IDENTIFIER = com.paulmignard.app.Knuckle;
				PRODUCT_NAME = "$(TARGET_NAME)";
				STRING_CATALOG_GENERATE_SYMBOLS = YES;
				SUPPORTED_PLATFORMS = "iphoneos iphonesimulator";
				SUPPORTS_MACCATALYST = NO;
				SUPPORTS_MAC_DESIGNED_FOR_IPHONE_IPAD = NO;
				SUPPORTS_XR_DESIGNED_FOR_IPHONE_IPAD = NO;
				SWIFT_APPROACHABLE_CONCURRENCY = YES;
				SWIFT_DEFAULT_ACTOR_ISOLATION = nonisolated;
				SWIFT_EMIT_LOC_STRINGS = YES;
				SWIFT_UPCOMING_FEATURE_MEMBER_IMPORT_VISIBILITY = YES;
				SWIFT_VERSION = 5.0;
				TARGETED_DEVICE_FAMILY = 1;
			};
			name = Release;
		};
		CDB04D8B2F2E64F8006FA40F /* Debug */ = {
			isa = XCBuildConfiguration;
			buildSettings = {
				ASSETCATALOG_COMPILER_GLOBAL_ACCENT_COLOR_NAME = AccentColor;
				ASSETCATALOG_COMPILER_WIDGET_BACKGROUND_COLOR_NAME = WidgetBackground;
				CODE_SIGN_ENTITLEMENTS = KnuckleTimerActivityExtension.entitlements;
				CODE_SIGN_STYLE = Automatic;
				CURRENT_PROJECT_VERSION = 1;
				DEVELOPMENT_TEAM = "";
				GENERATE_INFOPLIST_FILE = YES;
				INFOPLIST_FILE = KnuckleTimerActivity/Info.plist;
				INFOPLIST_KEY_CFBundleDisplayName = KnuckleTimerActivity;
				INFOPLIST_KEY_NSHumanReadableCopyright = "";
				LD_RUNPATH_SEARCH_PATHS = (
					"$(inherited)",
					"@executable_path/Frameworks",
					"@executable_path/../../Frameworks",
				);
				MARKETING_VERSION = 1.0;
				PRODUCT_BUNDLE_IDENTIFIER = com.paulmignard.app.Knuckle.KnuckleTimerActivity;
				PRODUCT_NAME = "$(TARGET_NAME)";
				SKIP_INSTALL = YES;
				STRING_CATALOG_GENERATE_SYMBOLS = YES;
				SWIFT_APPROACHABLE_CONCURRENCY = YES;
				SWIFT_EMIT_LOC_STRINGS = YES;
				SWIFT_UPCOMING_FEATURE_MEMBER_IMPORT_VISIBILITY = YES;
				SWIFT_VERSION = 5.0;
				TARGETED_DEVICE_FAMILY = "1,2";
			};
			name = Debug;
		};
		CDB04D8C2F2E64F8006FA40F /* Release */ = {
			isa = XCBuildConfiguration;
			buildSettings = {
				ASSETCATALOG_COMPILER_GLOBAL_ACCENT_COLOR_NAME = AccentColor;
				ASSETCATALOG_COMPILER_WIDGET_BACKGROUND_COLOR_NAME = WidgetBackground;
				CODE_SIGN_ENTITLEMENTS = KnuckleTimerActivityExtension.entitlements;
				CODE_SIGN_STYLE = Automatic;
				CURRENT_PROJECT_VERSION = 1;
				DEVELOPMENT_TEAM = "";
				GENERATE_INFOPLIST_FILE = YES;
				INFOPLIST_FILE = KnuckleTimerActivity/Info.plist;
				INFOPLIST_KEY_CFBundleDisplayName = KnuckleTimerActivity;
				INFOPLIST_KEY_NSHumanReadableCopyright = "";
				LD_RUNPATH_SEARCH_PATHS = (
					"$(inherited)",
					"@executable_path/Frameworks",
					"@executable_path/../../Frameworks",
				);
				MARKETING_VERSION = 1.0;
				PRODUCT_BUNDLE_IDENTIFIER = com.paulmignard.app.Knuckle.KnuckleTimerActivity;
				PRODUCT_NAME = "$(TARGET_NAME)";
				SKIP_INSTALL = YES;
				STRING_CATALOG_GENERATE_SYMBOLS = YES;
				SWIFT_APPROACHABLE_CONCURRENCY = YES;
				SWIFT_EMIT_LOC_STRINGS = YES;
				SWIFT_UPCOMING_FEATURE_MEMBER_IMPORT_VISIBILITY = YES;
				SWIFT_VERSION = 5.0;
				TARGETED_DEVICE_FAMILY = "1,2";
			};
			name = Release;
		};
/* End XCBuildConfiguration section */

/* Begin XCConfigurationList section */
		CD34439A2F2E1B7700D5CF4F /* Build configuration list for PBXProject "Knuckle" */ = {
			isa = XCConfigurationList;
			buildConfigurations = (
				CD3443A82F2E1B7900D5CF4F /* Debug */,
				CD3443A92F2E1B7900D5CF4F /* Release */,
			);
			defaultConfigurationIsVisible = 0;
			defaultConfigurationName = Release;
		};
		CD3443AA2F2E1B7900D5CF4F /* Build configuration list for PBXNativeTarget "Punch" */ = {
			isa = XCConfigurationList;
			buildConfigurations = (
				CD3443AB2F2E1B7900D5CF4F /* Debug */,
				CD3443AC2F2E1B7900D5CF4F /* Release */,
			);
			defaultConfigurationIsVisible = 0;
			defaultConfigurationName = Release;
		};
		CDB04D8A2F2E64F8006FA40F /* Build configuration list for PBXNativeTarget "KnuckleTimerActivityExtension" */ = {
			isa = XCConfigurationList;
			buildConfigurations = (
				CDB04D8B2F2E64F8006FA40F /* Debug */,
				CDB04D8C2F2E64F8006FA40F /* Release */,
			);
			defaultConfigurationIsVisible = 0;
			defaultConfigurationName = Release;
		};
/* End XCConfigurationList section */
	};
	rootObject = CD3443972F2E1B7700D5CF4F /* Project object */;
}
